version = 1
revision = 2
requires-python = ">=3.7"
resolution-markers = [
    "python_full_version >= '3.9'",
    "python_full_version == '3.8.*'",
    "python_full_version < '3.8'",
]

[[package]]
name = "readerwriterlock"
version = "1.0.9"
source = { registry = "https://pypi.org/simple" }
dependencies = [
    { name = "typing-extensions", version = "4.7.1", source = { registry = "https://pypi.org/simple" }, marker = "python_full_version < '3.8'" },
    { name = "typing-extensions", version = "4.13.2", source = { registry = "https://pypi.org/simple" }, marker = "python_full_version == '3.8.*'" },
    { name = "typing-extensions", version = "4.14.1", source = { registry = "https://pypi.org/simple" }, marker = "python_full_version >= '3.9'" },
]
sdist = { url = "https://files.pythonhosted.org/packages/a4/b9/6b7c390440ec23bf5fdf33e76d6c3b697a788b983c11cb2739d6541835d6/readerwriterlock-1.0.9.tar.gz", hash = "sha256:b7c4cc003435d7a8ff15b312b0a62a88d9800ba6164af88991f87f8b748f9bea", size = 16595, upload-time = "2021-09-06T03:41:21.75Z" }
wheels = [
    { url = "https://files.pythonhosted.org/packages/c2/5a/2f2e7fc026d5e64b5408aa3fbe0296a6407b8481196cae4daacacb3a3ae0/readerwriterlock-1.0.9-py3-none-any.whl", hash = "sha256:8c4b704e60d15991462081a27ef46762fea49b478aa4426644f2146754759ca7", size = 9999, upload-time = "2021-09-06T03:41:19.435Z" },
]

[[package]]
name = "realtime-pipeline"
version = "0.1.0"
source = { editable = "." }
dependencies = [
    { name = "readerwriterlock" },
    { name = "sortedcontainers" },
]

[package.dev-dependencies]
dev = [
    { name = "vermin" },
]

[package.metadata]
requires-dist = [
    { name = "readerwriterlock", specifier = ">=1.0.9" },
    { name = "sortedcontainers", specifier = ">=2.4.0" },
]

[package.metadata.requires-dev]
dev = [{ name = "vermin", specifier = ">=1.6.0" }]

[[package]]
name = "sortedcontainers"
version = "2.4.0"
source = { registry = "https://pypi.org/simple" }
sdist = { url = "https://files.pythonhosted.org/packages/e8/c4/ba2f8066cceb6f23394729afe52f3bf7adec04bf9ed2c820b39e19299111/sortedcontainers-2.4.0.tar.gz", hash = "sha256:25caa5a06cc30b6b83d11423433f65d1f9d76c4c6a0c90e3379eaa43b9bfdb88", size = 30594, upload-time = "2021-05-16T22:03:42.897Z" }
wheels = [
    { url = "https://files.pythonhosted.org/packages/32/46/9cb0e58b2deb7f82b84065f37f3bffeb12413f947f9388e4cac22c4621ce/sortedcontainers-2.4.0-py2.py3-none-any.whl", hash = "sha256:a163dcaede0f1c021485e957a39245190e74249897e2ae4b2aa38595db237ee0", size = 29575, upload-time = "2021-05-16T22:03:41.177Z" },
]

[[package]]
name = "typing-extensions"
version = "4.7.1"
source = { registry = "https://pypi.org/simple" }
resolution-markers = [
    "python_full_version < '3.8'",
]
sdist = { url = "https://files.pythonhosted.org/packages/3c/8b/0111dd7d6c1478bf83baa1cab85c686426c7a6274119aceb2bd9d35395ad/typing_extensions-4.7.1.tar.gz", hash = "sha256:b75ddc264f0ba5615db7ba217daeb99701ad295353c45f9e95963337ceeeffb2", size = 72876, upload-time = "2023-07-02T14:20:55.045Z" }
wheels = [
    { url = "https://files.pythonhosted.org/packages/ec/6b/63cc3df74987c36fe26157ee12e09e8f9db4de771e0f3404263117e75b95/typing_extensions-4.7.1-py3-none-any.whl", hash = "sha256:440d5dd3af93b060174bf433bccd69b0babc3b15b1a8dca43789fd7f61514b36", size = 33232, upload-time = "2023-07-02T14:20:53.275Z" },
]

[[package]]
name = "typing-extensions"
version = "4.13.2"
source = { registry = "https://pypi.org/simple" }
resolution-markers = [
    "python_full_version == '3.8.*'",
]
sdist = { url = "https://files.pythonhosted.org/packages/f6/37/23083fcd6e35492953e8d2aaaa68b860eb422b34627b13f2ce3eb6106061/typing_extensions-4.13.2.tar.gz", hash = "sha256:e6c81219bd689f51865d9e372991c540bda33a0379d5573cddb9a3a23f7caaef", size = 106967, upload-time = "2025-04-10T14:19:05.416Z" }
wheels = [
    { url = "https://files.pythonhosted.org/packages/8b/54/b1ae86c0973cc6f0210b53d508ca3641fb6d0c56823f288d108bc7ab3cc8/typing_extensions-4.13.2-py3-none-any.whl", hash = "sha256:a439e7c04b49fec3e5d3e2beaa21755cadbbdc391694e28ccdd36ca4a1408f8c", size = 45806, upload-time = "2025-04-10T14:19:03.967Z" },
]

[[package]]
name = "typing-extensions"
version = "4.14.1"
source = { registry = "https://pypi.org/simple" }
resolution-markers = [
    "python_full_version >= '3.9'",
]
sdist = { url = "https://files.pythonhosted.org/packages/98/5a/da40306b885cc8c09109dc2e1abd358d5684b1425678151cdaed4731c822/typing_extensions-4.14.1.tar.gz", hash = "sha256:38b39f4aeeab64884ce9f74c94263ef78f3c22467c8724005483154c26648d36", size = 107673, upload-time = "2025-07-04T13:28:34.16Z" }
wheels = [
    { url = "https://files.pythonhosted.org/packages/b5/00/d631e67a838026495268c2f6884f3711a15a9a2a96cd244fdaea53b823fb/typing_extensions-4.14.1-py3-none-any.whl", hash = "sha256:d1e1e3b58374dc93031d6eda2420a48ea44a36c2b4766a4fdeb3710755731d76", size = 43906, upload-time = "2025-07-04T13:28:32.743Z" },
]

[[package]]
name = "vermin"
version = "1.6.0"
source = { registry = "https://pypi.org/simple" }
sdist = { url = "https://files.pythonhosted.org/packages/3d/26/7b871396c33006c445c25ef7da605ecbd6cef830d577b496d2b73a554f9d/vermin-1.6.0.tar.gz", hash = "sha256:6266ca02f55d1c2aa189a610017c132eb2d1934f09e72a955b1eb3820ee6d4ef", size = 93181, upload-time = "2023-11-25T20:58:25.406Z" }
wheels = [
    { url = "https://files.pythonhosted.org/packages/2e/98/1a2ca43e6d646421eea16ec19977e2e6d1ea9079bd9d873bfae513d43f1c/vermin-1.6.0-py2.py3-none-any.whl", hash = "sha256:f1fa9ee40f59983dc40e0477eb2b1fa8061a3df4c3b2bcf349add462a5610efb", size = 90845, upload-time = "2023-11-25T20:58:22.69Z" },
]
