version = 1
revision = 2
requires-python = ">=3.10"

[[package]]
name = "readerwriterlock"
version = "1.0.9"
source = { registry = "https://pypi.org/simple" }
dependencies = [
    { name = "typing-extensions" },
]
sdist = { url = "https://files.pythonhosted.org/packages/a4/b9/6b7c390440ec23bf5fdf33e76d6c3b697a788b983c11cb2739d6541835d6/readerwriterlock-1.0.9.tar.gz", hash = "sha256:b7c4cc003435d7a8ff15b312b0a62a88d9800ba6164af88991f87f8b748f9bea", size = 16595, upload-time = "2021-09-06T03:41:21.75Z" }
wheels = [
    { url = "https://files.pythonhosted.org/packages/c2/5a/2f2e7fc026d5e64b5408aa3fbe0296a6407b8481196cae4daacacb3a3ae0/readerwriterlock-1.0.9-py3-none-any.whl", hash = "sha256:8c4b704e60d15991462081a27ef46762fea49b478aa4426644f2146754759ca7", size = 9999, upload-time = "2021-09-06T03:41:19.435Z" },
]

[[package]]
name = "realtime-pipeline"
version = "0.1.0"
source = { virtual = "." }
dependencies = [
    { name = "readerwriterlock" },
    { name = "sortedcontainers" },
]

[package.metadata]
requires-dist = [
    { name = "readerwriterlock", specifier = ">=1.0.9" },
    { name = "sortedcontainers", specifier = ">=2.4.0" },
]

[[package]]
name = "sortedcontainers"
version = "2.4.0"
source = { registry = "https://pypi.org/simple" }
sdist = { url = "https://files.pythonhosted.org/packages/e8/c4/ba2f8066cceb6f23394729afe52f3bf7adec04bf9ed2c820b39e19299111/sortedcontainers-2.4.0.tar.gz", hash = "sha256:25caa5a06cc30b6b83d11423433f65d1f9d76c4c6a0c90e3379eaa43b9bfdb88", size = 30594, upload-time = "2021-05-16T22:03:42.897Z" }
wheels = [
    { url = "https://files.pythonhosted.org/packages/32/46/9cb0e58b2deb7f82b84065f37f3bffeb12413f947f9388e4cac22c4621ce/sortedcontainers-2.4.0-py2.py3-none-any.whl", hash = "sha256:a163dcaede0f1c021485e957a39245190e74249897e2ae4b2aa38595db237ee0", size = 29575, upload-time = "2021-05-16T22:03:41.177Z" },
]

[[package]]
name = "typing-extensions"
version = "4.14.1"
source = { registry = "https://pypi.org/simple" }
sdist = { url = "https://files.pythonhosted.org/packages/98/5a/da40306b885cc8c09109dc2e1abd358d5684b1425678151cdaed4731c822/typing_extensions-4.14.1.tar.gz", hash = "sha256:38b39f4aeeab64884ce9f74c94263ef78f3c22467c8724005483154c26648d36", size = 107673, upload-time = "2025-07-04T13:28:34.16Z" }
wheels = [
    { url = "https://files.pythonhosted.org/packages/b5/00/d631e67a838026495268c2f6884f3711a15a9a2a96cd244fdaea53b823fb/typing_extensions-4.14.1-py3-none-any.whl", hash = "sha256:d1e1e3b58374dc93031d6eda2420a48ea44a36c2b4766a4fdeb3710755731d76", size = 43906, upload-time = "2025-07-04T13:28:32.743Z" },
]
